// !$*UTF8*$!
{
	archiveVersion = 1;
	classes = {
	};
	objectVersion = 50;
	objects = {

/* Begin PBXBuildFile section */
		249F8406226BC7AF00BAAA0B /* AppDelegate.swift in Sources */ = {isa = PBXBuildFile; fileRef = 249F8405226BC7AF00BAAA0B /* AppDelegate.swift */; };
		249F840B226BC7AF00BAAA0B /* Main.storyboard in Resources */ = {isa = PBXBuildFile; fileRef = 249F8409226BC7AF00BAAA0B /* Main.storyboard */; };
		249F840E226BC7AF00BAAA0B /* movie.xcdatamodeld in Sources */ = {isa = PBXBuildFile; fileRef = 249F840C226BC7AF00BAAA0B /* movie.xcdatamodeld */; };
		249F8410226BC7B200BAAA0B /* Assets.xcassets in Resources */ = {isa = PBXBuildFile; fileRef = 249F840F226BC7B200BAAA0B /* Assets.xcassets */; };
		249F8413226BC7B200BAAA0B /* LaunchScreen.storyboard in Resources */ = {isa = PBXBuildFile; fileRef = 249F8411226BC7B200BAAA0B /* LaunchScreen.storyboard */; };
		249F841D226BE1B600BAAA0B /* Router.swift in Sources */ = {isa = PBXBuildFile; fileRef = 249F841C226BE1B600BAAA0B /* Router.swift */; };
		249F8422226BE34200BAAA0B /* BaseTabBarViewController.swift in Sources */ = {isa = PBXBuildFile; fileRef = 249F8421226BE34200BAAA0B /* BaseTabBarViewController.swift */; };
		249F8425226BE39300BAAA0B /* UIColor+Extension.swift in Sources */ = {isa = PBXBuildFile; fileRef = 249F8424226BE39300BAAA0B /* UIColor+Extension.swift */; };
		249F8427226BE3AB00BAAA0B /* UIAplication+Extension.swift in Sources */ = {isa = PBXBuildFile; fileRef = 249F8426226BE3AB00BAAA0B /* UIAplication+Extension.swift */; };
		249F8429226BE3C500BAAA0B /* Colors.swift in Sources */ = {isa = PBXBuildFile; fileRef = 249F8428226BE3C500BAAA0B /* Colors.swift */; };
		249F842B226BE4E600BAAA0B /* UIFont+Extension.swift in Sources */ = {isa = PBXBuildFile; fileRef = 249F842A226BE4E600BAAA0B /* UIFont+Extension.swift */; };
		249F843F226BE53000BAAA0B /* Muli-ExtraBold.ttf in Resources */ = {isa = PBXBuildFile; fileRef = 249F8431226BE52E00BAAA0B /* Muli-ExtraBold.ttf */; };
		249F8440226BE53000BAAA0B /* Muli-SemiBold.ttf in Resources */ = {isa = PBXBuildFile; fileRef = 249F8432226BE52F00BAAA0B /* Muli-SemiBold.ttf */; };
		249F8441226BE53000BAAA0B /* Muli-Bold.ttf in Resources */ = {isa = PBXBuildFile; fileRef = 249F8433226BE52F00BAAA0B /* Muli-Bold.ttf */; };
		249F8442226BE53000BAAA0B /* Muli-ExtraLightItalic.ttf in Resources */ = {isa = PBXBuildFile; fileRef = 249F8434226BE52F00BAAA0B /* Muli-ExtraLightItalic.ttf */; };
		249F8443226BE53000BAAA0B /* Muli-Black.ttf in Resources */ = {isa = PBXBuildFile; fileRef = 249F8435226BE52F00BAAA0B /* Muli-Black.ttf */; };
		249F8444226BE53000BAAA0B /* Muli-LightItalic.ttf in Resources */ = {isa = PBXBuildFile; fileRef = 249F8436226BE52F00BAAA0B /* Muli-LightItalic.ttf */; };
		249F8445226BE53000BAAA0B /* Muli-Regular.ttf in Resources */ = {isa = PBXBuildFile; fileRef = 249F8437226BE52F00BAAA0B /* Muli-Regular.ttf */; };
		249F8446226BE53000BAAA0B /* Muli-ExtraBoldItalic.ttf in Resources */ = {isa = PBXBuildFile; fileRef = 249F8438226BE52F00BAAA0B /* Muli-ExtraBoldItalic.ttf */; };
		249F8447226BE53000BAAA0B /* Muli-Italic.ttf in Resources */ = {isa = PBXBuildFile; fileRef = 249F8439226BE52F00BAAA0B /* Muli-Italic.ttf */; };
		249F8448226BE53000BAAA0B /* Muli-BoldItalic.ttf in Resources */ = {isa = PBXBuildFile; fileRef = 249F843A226BE52F00BAAA0B /* Muli-BoldItalic.ttf */; };
		249F8449226BE53000BAAA0B /* Muli-ExtraLight.ttf in Resources */ = {isa = PBXBuildFile; fileRef = 249F843B226BE53000BAAA0B /* Muli-ExtraLight.ttf */; };
		249F844A226BE53000BAAA0B /* Muli-SemiBoldItalic.ttf in Resources */ = {isa = PBXBuildFile; fileRef = 249F843C226BE53000BAAA0B /* Muli-SemiBoldItalic.ttf */; };
		249F844B226BE53000BAAA0B /* Muli-Light.ttf in Resources */ = {isa = PBXBuildFile; fileRef = 249F843D226BE53000BAAA0B /* Muli-Light.ttf */; };
		249F844C226BE53000BAAA0B /* Muli-BlackItalic.ttf in Resources */ = {isa = PBXBuildFile; fileRef = 249F843E226BE53000BAAA0B /* Muli-BlackItalic.ttf */; };
		249F8454226BE6A200BAAA0B /* Images.swift in Sources */ = {isa = PBXBuildFile; fileRef = 249F8453226BE6A200BAAA0B /* Images.swift */; };
		249F845A226CC4E200BAAA0B /* Service.swift in Sources */ = {isa = PBXBuildFile; fileRef = 249F8459226CC4E200BAAA0B /* Service.swift */; };
		249F845C226CC57E00BAAA0B /* NetworkManager.swift in Sources */ = {isa = PBXBuildFile; fileRef = 249F845B226CC57E00BAAA0B /* NetworkManager.swift */; };
		249F845E226CC88F00BAAA0B /* SeriesModel.swift in Sources */ = {isa = PBXBuildFile; fileRef = 249F845D226CC88F00BAAA0B /* SeriesModel.swift */; };
		249F8460226CD21B00BAAA0B /* ServiceLocator.swift in Sources */ = {isa = PBXBuildFile; fileRef = 249F845F226CD21B00BAAA0B /* ServiceLocator.swift */; };
		249F8462226CD26400BAAA0B /* SeriesService.swift in Sources */ = {isa = PBXBuildFile; fileRef = 249F8461226CD26400BAAA0B /* SeriesService.swift */; };
		249F8464226CD44400BAAA0B /* Series.swift in Sources */ = {isa = PBXBuildFile; fileRef = 249F8463226CD44400BAAA0B /* Series.swift */; };
		249F8466226CE1EE00BAAA0B /* JsonData.swift in Sources */ = {isa = PBXBuildFile; fileRef = 249F8465226CE1EE00BAAA0B /* JsonData.swift */; };
		249F8469226CEBF200BAAA0B /* SeriesTableVC.swift in Sources */ = {isa = PBXBuildFile; fileRef = 249F8467226CEBF200BAAA0B /* SeriesTableVC.swift */; };
		249F846A226CEBF200BAAA0B /* SeriesTableVC.xib in Resources */ = {isa = PBXBuildFile; fileRef = 249F8468226CEBF200BAAA0B /* SeriesTableVC.xib */; };
		249F846D226CF38700BAAA0B /* BaseViewController.swift in Sources */ = {isa = PBXBuildFile; fileRef = 249F846C226CF38700BAAA0B /* BaseViewController.swift */; };
		249F8472226D0C2900BAAA0B /* SeriesTableViewCell.swift in Sources */ = {isa = PBXBuildFile; fileRef = 249F8470226D0C2900BAAA0B /* SeriesTableViewCell.swift */; };
		249F8473226D0C2900BAAA0B /* SeriesTableViewCell.xib in Resources */ = {isa = PBXBuildFile; fileRef = 249F8471226D0C2900BAAA0B /* SeriesTableViewCell.xib */; };
		249F8475226D0CFB00BAAA0B /* UITableViewCell+Extension.swift in Sources */ = {isa = PBXBuildFile; fileRef = 249F8474226D0CFB00BAAA0B /* UITableViewCell+Extension.swift */; };
		249F8477226D268A00BAAA0B /* UIImageView+Extension.swift in Sources */ = {isa = PBXBuildFile; fileRef = 249F8476226D268A00BAAA0B /* UIImageView+Extension.swift */; };
		249F8479226D2EFC00BAAA0B /* NavStyle.swift in Sources */ = {isa = PBXBuildFile; fileRef = 249F8478226D2EFC00BAAA0B /* NavStyle.swift */; };
		F0AEF602C75E985EDC110D9E /* Pods_movie.framework in Frameworks */ = {isa = PBXBuildFile; fileRef = 255BA8913E7325609AE5FD14 /* Pods_movie.framework */; };
/* End PBXBuildFile section */

/* Begin PBXFileReference section */
		249F8402226BC7AF00BAAA0B /* movie.app */ = {isa = PBXFileReference; explicitFileType = wrapper.application; includeInIndex = 0; path = movie.app; sourceTree = BUILT_PRODUCTS_DIR; };
		249F8405226BC7AF00BAAA0B /* AppDelegate.swift */ = {isa = PBXFileReference; lastKnownFileType = sourcecode.swift; path = AppDelegate.swift; sourceTree = "<group>"; };
		249F840A226BC7AF00BAAA0B /* Base */ = {isa = PBXFileReference; lastKnownFileType = file.storyboard; name = Base; path = Base.lproj/Main.storyboard; sourceTree = "<group>"; };
		249F840D226BC7AF00BAAA0B /* movie.xcdatamodel */ = {isa = PBXFileReference; lastKnownFileType = wrapper.xcdatamodel; path = movie.xcdatamodel; sourceTree = "<group>"; };
		249F840F226BC7B200BAAA0B /* Assets.xcassets */ = {isa = PBXFileReference; lastKnownFileType = folder.assetcatalog; path = Assets.xcassets; sourceTree = "<group>"; };
		249F8412226BC7B200BAAA0B /* Base */ = {isa = PBXFileReference; lastKnownFileType = file.storyboard; name = Base; path = Base.lproj/LaunchScreen.storyboard; sourceTree = "<group>"; };
		249F8414226BC7B200BAAA0B /* Info.plist */ = {isa = PBXFileReference; lastKnownFileType = text.plist.xml; path = Info.plist; sourceTree = "<group>"; };
		249F841C226BE1B600BAAA0B /* Router.swift */ = {isa = PBXFileReference; lastKnownFileType = sourcecode.swift; path = Router.swift; sourceTree = "<group>"; };
		249F8421226BE34200BAAA0B /* BaseTabBarViewController.swift */ = {isa = PBXFileReference; lastKnownFileType = sourcecode.swift; path = BaseTabBarViewController.swift; sourceTree = "<group>"; };
		249F8424226BE39300BAAA0B /* UIColor+Extension.swift */ = {isa = PBXFileReference; lastKnownFileType = sourcecode.swift; path = "UIColor+Extension.swift"; sourceTree = "<group>"; };
		249F8426226BE3AB00BAAA0B /* UIAplication+Extension.swift */ = {isa = PBXFileReference; lastKnownFileType = sourcecode.swift; path = "UIAplication+Extension.swift"; sourceTree = "<group>"; };
		249F8428226BE3C500BAAA0B /* Colors.swift */ = {isa = PBXFileReference; lastKnownFileType = sourcecode.swift; path = Colors.swift; sourceTree = "<group>"; };
		249F842A226BE4E600BAAA0B /* UIFont+Extension.swift */ = {isa = PBXFileReference; lastKnownFileType = sourcecode.swift; path = "UIFont+Extension.swift"; sourceTree = "<group>"; };
		249F8431226BE52E00BAAA0B /* Muli-ExtraBold.ttf */ = {isa = PBXFileReference; lastKnownFileType = file; path = "Muli-ExtraBold.ttf"; sourceTree = "<group>"; };
		249F8432226BE52F00BAAA0B /* Muli-SemiBold.ttf */ = {isa = PBXFileReference; lastKnownFileType = file; path = "Muli-SemiBold.ttf"; sourceTree = "<group>"; };
		249F8433226BE52F00BAAA0B /* Muli-Bold.ttf */ = {isa = PBXFileReference; lastKnownFileType = file; path = "Muli-Bold.ttf"; sourceTree = "<group>"; };
		249F8434226BE52F00BAAA0B /* Muli-ExtraLightItalic.ttf */ = {isa = PBXFileReference; lastKnownFileType = file; path = "Muli-ExtraLightItalic.ttf"; sourceTree = "<group>"; };
		249F8435226BE52F00BAAA0B /* Muli-Black.ttf */ = {isa = PBXFileReference; lastKnownFileType = file; path = "Muli-Black.ttf"; sourceTree = "<group>"; };
		249F8436226BE52F00BAAA0B /* Muli-LightItalic.ttf */ = {isa = PBXFileReference; lastKnownFileType = file; path = "Muli-LightItalic.ttf"; sourceTree = "<group>"; };
		249F8437226BE52F00BAAA0B /* Muli-Regular.ttf */ = {isa = PBXFileReference; lastKnownFileType = file; path = "Muli-Regular.ttf"; sourceTree = "<group>"; };
		249F8438226BE52F00BAAA0B /* Muli-ExtraBoldItalic.ttf */ = {isa = PBXFileReference; lastKnownFileType = file; path = "Muli-ExtraBoldItalic.ttf"; sourceTree = "<group>"; };
		249F8439226BE52F00BAAA0B /* Muli-Italic.ttf */ = {isa = PBXFileReference; lastKnownFileType = file; path = "Muli-Italic.ttf"; sourceTree = "<group>"; };
		249F843A226BE52F00BAAA0B /* Muli-BoldItalic.ttf */ = {isa = PBXFileReference; lastKnownFileType = file; path = "Muli-BoldItalic.ttf"; sourceTree = "<group>"; };
		249F843B226BE53000BAAA0B /* Muli-ExtraLight.ttf */ = {isa = PBXFileReference; lastKnownFileType = file; path = "Muli-ExtraLight.ttf"; sourceTree = "<group>"; };
		249F843C226BE53000BAAA0B /* Muli-SemiBoldItalic.ttf */ = {isa = PBXFileReference; lastKnownFileType = file; path = "Muli-SemiBoldItalic.ttf"; sourceTree = "<group>"; };
		249F843D226BE53000BAAA0B /* Muli-Light.ttf */ = {isa = PBXFileReference; lastKnownFileType = file; path = "Muli-Light.ttf"; sourceTree = "<group>"; };
		249F843E226BE53000BAAA0B /* Muli-BlackItalic.ttf */ = {isa = PBXFileReference; lastKnownFileType = file; path = "Muli-BlackItalic.ttf"; sourceTree = "<group>"; };
		249F8453226BE6A200BAAA0B /* Images.swift */ = {isa = PBXFileReference; lastKnownFileType = sourcecode.swift; path = Images.swift; sourceTree = "<group>"; };
		249F8459226CC4E200BAAA0B /* Service.swift */ = {isa = PBXFileReference; lastKnownFileType = sourcecode.swift; path = Service.swift; sourceTree = "<group>"; };
		249F845B226CC57E00BAAA0B /* NetworkManager.swift */ = {isa = PBXFileReference; lastKnownFileType = sourcecode.swift; path = NetworkManager.swift; sourceTree = "<group>"; };
		249F845D226CC88F00BAAA0B /* SeriesModel.swift */ = {isa = PBXFileReference; lastKnownFileType = sourcecode.swift; path = SeriesModel.swift; sourceTree = "<group>"; };
		249F845F226CD21B00BAAA0B /* ServiceLocator.swift */ = {isa = PBXFileReference; lastKnownFileType = sourcecode.swift; path = ServiceLocator.swift; sourceTree = "<group>"; };
		249F8461226CD26400BAAA0B /* SeriesService.swift */ = {isa = PBXFileReference; lastKnownFileType = sourcecode.swift; path = SeriesService.swift; sourceTree = "<group>"; };
		249F8463226CD44400BAAA0B /* Series.swift */ = {isa = PBXFileReference; lastKnownFileType = sourcecode.swift; path = Series.swift; sourceTree = "<group>"; };
		249F8465226CE1EE00BAAA0B /* JsonData.swift */ = {isa = PBXFileReference; lastKnownFileType = sourcecode.swift; path = JsonData.swift; sourceTree = "<group>"; };
		249F8467226CEBF200BAAA0B /* SeriesTableVC.swift */ = {isa = PBXFileReference; lastKnownFileType = sourcecode.swift; path = SeriesTableVC.swift; sourceTree = "<group>"; };
		249F8468226CEBF200BAAA0B /* SeriesTableVC.xib */ = {isa = PBXFileReference; lastKnownFileType = file.xib; name = SeriesTableVC.xib; path = ../Controller/SeriesTableVC.xib; sourceTree = "<group>"; };
		249F846C226CF38700BAAA0B /* BaseViewController.swift */ = {isa = PBXFileReference; lastKnownFileType = sourcecode.swift; path = BaseViewController.swift; sourceTree = "<group>"; };
		249F8470226D0C2900BAAA0B /* SeriesTableViewCell.swift */ = {isa = PBXFileReference; lastKnownFileType = sourcecode.swift; path = SeriesTableViewCell.swift; sourceTree = "<group>"; };
		249F8471226D0C2900BAAA0B /* SeriesTableViewCell.xib */ = {isa = PBXFileReference; lastKnownFileType = file.xib; path = SeriesTableViewCell.xib; sourceTree = "<group>"; };
		249F8474226D0CFB00BAAA0B /* UITableViewCell+Extension.swift */ = {isa = PBXFileReference; lastKnownFileType = sourcecode.swift; path = "UITableViewCell+Extension.swift"; sourceTree = "<group>"; };
		249F8476226D268A00BAAA0B /* UIImageView+Extension.swift */ = {isa = PBXFileReference; lastKnownFileType = sourcecode.swift; path = "UIImageView+Extension.swift"; sourceTree = "<group>"; };
		249F8478226D2EFC00BAAA0B /* NavStyle.swift */ = {isa = PBXFileReference; lastKnownFileType = sourcecode.swift; path = NavStyle.swift; sourceTree = "<group>"; };
		255BA8913E7325609AE5FD14 /* Pods_movie.framework */ = {isa = PBXFileReference; explicitFileType = wrapper.framework; includeInIndex = 0; path = Pods_movie.framework; sourceTree = BUILT_PRODUCTS_DIR; };
		989F90AA3DDB1245E840882A /* Pods-movie.release.xcconfig */ = {isa = PBXFileReference; includeInIndex = 1; lastKnownFileType = text.xcconfig; name = "Pods-movie.release.xcconfig"; path = "Pods/Target Support Files/Pods-movie/Pods-movie.release.xcconfig"; sourceTree = "<group>"; };
		CA5B8FC469521A8ACE2008AD /* Pods-movie.debug.xcconfig */ = {isa = PBXFileReference; includeInIndex = 1; lastKnownFileType = text.xcconfig; name = "Pods-movie.debug.xcconfig"; path = "Pods/Target Support Files/Pods-movie/Pods-movie.debug.xcconfig"; sourceTree = "<group>"; };
/* End PBXFileReference section */

/* Begin PBXFrameworksBuildPhase section */
		249F83FF226BC7AF00BAAA0B /* Frameworks */ = {
			isa = PBXFrameworksBuildPhase;
			buildActionMask = 2147483647;
			files = (
				F0AEF602C75E985EDC110D9E /* Pods_movie.framework in Frameworks */,
			);
			runOnlyForDeploymentPostprocessing = 0;
		};
/* End PBXFrameworksBuildPhase section */

/* Begin PBXGroup section */
		249F83F9226BC7AF00BAAA0B = {
			isa = PBXGroup;
			children = (
				249F8404226BC7AF00BAAA0B /* movie */,
				249F8403226BC7AF00BAAA0B /* Products */,
				F5DC202B8B1F52C740C44827 /* Pods */,
				ACD6F3E25ACB070516430DA4 /* Frameworks */,
			);
			sourceTree = "<group>";
		};
		249F8403226BC7AF00BAAA0B /* Products */ = {
			isa = PBXGroup;
			children = (
				249F8402226BC7AF00BAAA0B /* movie.app */,
			);
			name = Products;
			sourceTree = "<group>";
		};
		249F8404226BC7AF00BAAA0B /* movie */ = {
			isa = PBXGroup;
			children = (
				249F8414226BC7B200BAAA0B /* Info.plist */,
				24F24A68226D85B8003C1242 /* DetailedSeries */,
				249F844D226BE5EE00BAAA0B /* Series */,
				249F841A226BE14900BAAA0B /* Main */,
				249F841B226BE16200BAAA0B /* Resources */,
			);
			path = movie;
			sourceTree = "<group>";
		};
		249F841A226BE14900BAAA0B /* Main */ = {
			isa = PBXGroup;
			children = (
				249F8458226CC4D200BAAA0B /* Services */,
				249F841E226BE21D00BAAA0B /* Utils */,
				249F8405226BC7AF00BAAA0B /* AppDelegate.swift */,
				249F841C226BE1B600BAAA0B /* Router.swift */,
			);
			path = Main;
			sourceTree = "<group>";
		};
		249F841B226BE16200BAAA0B /* Resources */ = {
			isa = PBXGroup;
			children = (
				249F840C226BC7AF00BAAA0B /* movie.xcdatamodeld */,
				249F840F226BC7B200BAAA0B /* Assets.xcassets */,
				249F8409226BC7AF00BAAA0B /* Main.storyboard */,
				249F8411226BC7B200BAAA0B /* LaunchScreen.storyboard */,
			);
			path = Resources;
			sourceTree = "<group>";
		};
		249F841E226BE21D00BAAA0B /* Utils */ = {
			isa = PBXGroup;
			children = (
				249F842F226BE51300BAAA0B /* Fonts */,
				249F8423226BE38500BAAA0B /* Extensions */,
				249F8420226BE32C00BAAA0B /* BaseViewControllers */,
				249F841F226BE22400BAAA0B /* Globals */,
			);
			path = Utils;
			sourceTree = "<group>";
		};
		249F841F226BE22400BAAA0B /* Globals */ = {
			isa = PBXGroup;
			children = (
				249F8428226BE3C500BAAA0B /* Colors.swift */,
				249F8453226BE6A200BAAA0B /* Images.swift */,
				249F8465226CE1EE00BAAA0B /* JsonData.swift */,
				249F8478226D2EFC00BAAA0B /* NavStyle.swift */,
			);
			path = Globals;
			sourceTree = "<group>";
		};
		249F8420226BE32C00BAAA0B /* BaseViewControllers */ = {
			isa = PBXGroup;
			children = (
				249F8421226BE34200BAAA0B /* BaseTabBarViewController.swift */,
				249F846C226CF38700BAAA0B /* BaseViewController.swift */,
			);
			path = BaseViewControllers;
			sourceTree = "<group>";
		};
		249F8423226BE38500BAAA0B /* Extensions */ = {
			isa = PBXGroup;
			children = (
				249F8424226BE39300BAAA0B /* UIColor+Extension.swift */,
				249F8426226BE3AB00BAAA0B /* UIAplication+Extension.swift */,
				249F842A226BE4E600BAAA0B /* UIFont+Extension.swift */,
				249F8474226D0CFB00BAAA0B /* UITableViewCell+Extension.swift */,
				249F8476226D268A00BAAA0B /* UIImageView+Extension.swift */,
			);
			path = Extensions;
			sourceTree = "<group>";
		};
		249F842F226BE51300BAAA0B /* Fonts */ = {
			isa = PBXGroup;
			children = (
				249F8430226BE52700BAAA0B /* Muli */,
			);
			path = Fonts;
			sourceTree = "<group>";
		};
		249F8430226BE52700BAAA0B /* Muli */ = {
			isa = PBXGroup;
			children = (
				249F8435226BE52F00BAAA0B /* Muli-Black.ttf */,
				249F843E226BE53000BAAA0B /* Muli-BlackItalic.ttf */,
				249F8433226BE52F00BAAA0B /* Muli-Bold.ttf */,
				249F843A226BE52F00BAAA0B /* Muli-BoldItalic.ttf */,
				249F8431226BE52E00BAAA0B /* Muli-ExtraBold.ttf */,
				249F8438226BE52F00BAAA0B /* Muli-ExtraBoldItalic.ttf */,
				249F843B226BE53000BAAA0B /* Muli-ExtraLight.ttf */,
				249F8434226BE52F00BAAA0B /* Muli-ExtraLightItalic.ttf */,
				249F8439226BE52F00BAAA0B /* Muli-Italic.ttf */,
				249F843D226BE53000BAAA0B /* Muli-Light.ttf */,
				249F8436226BE52F00BAAA0B /* Muli-LightItalic.ttf */,
				249F8437226BE52F00BAAA0B /* Muli-Regular.ttf */,
				249F8432226BE52F00BAAA0B /* Muli-SemiBold.ttf */,
				249F843C226BE53000BAAA0B /* Muli-SemiBoldItalic.ttf */,
			);
			path = Muli;
			sourceTree = "<group>";
		};
		249F844D226BE5EE00BAAA0B /* Series */ = {
			isa = PBXGroup;
			children = (
				249F8450226BE60600BAAA0B /* View */,
				249F844F226BE60100BAAA0B /* Controller */,
				249F844E226BE5F900BAAA0B /* Model */,
			);
			path = Series;
			sourceTree = "<group>";
		};
		249F844E226BE5F900BAAA0B /* Model */ = {
			isa = PBXGroup;
			children = (
				249F845D226CC88F00BAAA0B /* SeriesModel.swift */,
				249F8463226CD44400BAAA0B /* Series.swift */,
			);
			path = Model;
			sourceTree = "<group>";
		};
		249F844F226BE60100BAAA0B /* Controller */ = {
			isa = PBXGroup;
			children = (
				249F8467226CEBF200BAAA0B /* SeriesTableVC.swift */,
			);
			path = Controller;
			sourceTree = "<group>";
		};
		249F8450226BE60600BAAA0B /* View */ = {
			isa = PBXGroup;
			children = (
				249F846F226D0C0700BAAA0B /* Cell */,
				249F8468226CEBF200BAAA0B /* SeriesTableVC.xib */,
			);
			path = View;
			sourceTree = "<group>";
		};
		249F8458226CC4D200BAAA0B /* Services */ = {
			isa = PBXGroup;
			children = (
				249F8459226CC4E200BAAA0B /* Service.swift */,
				249F845B226CC57E00BAAA0B /* NetworkManager.swift */,
				249F845F226CD21B00BAAA0B /* ServiceLocator.swift */,
				249F8461226CD26400BAAA0B /* SeriesService.swift */,
			);
			path = Services;
			sourceTree = "<group>";
		};
		249F846F226D0C0700BAAA0B /* Cell */ = {
			isa = PBXGroup;
			children = (
				249F8470226D0C2900BAAA0B /* SeriesTableViewCell.swift */,
				249F8471226D0C2900BAAA0B /* SeriesTableViewCell.xib */,
			);
			path = Cell;
			sourceTree = "<group>";
		};
		24F24A68226D85B8003C1242 /* DetailedSeries */ = {
			isa = PBXGroup;
			children = (
				24F24A6B226D862E003C1242 /* View */,
				24F24A6A226D8628003C1242 /* Controller */,
				24F24A69226D8624003C1242 /* Model */,
			);
			path = DetailedSeries;
			sourceTree = "<group>";
		};
		24F24A69226D8624003C1242 /* Model */ = {
			isa = PBXGroup;
			children = (
			);
			path = Model;
			sourceTree = "<group>";
		};
		24F24A6A226D8628003C1242 /* Controller */ = {
			isa = PBXGroup;
			children = (
			);
			path = Controller;
			sourceTree = "<group>";
		};
		24F24A6B226D862E003C1242 /* View */ = {
			isa = PBXGroup;
			children = (
			);
			path = View;
			sourceTree = "<group>";
		};
		ACD6F3E25ACB070516430DA4 /* Frameworks */ = {
			isa = PBXGroup;
			children = (
				255BA8913E7325609AE5FD14 /* Pods_movie.framework */,
			);
			name = Frameworks;
			sourceTree = "<group>";
		};
		F5DC202B8B1F52C740C44827 /* Pods */ = {
			isa = PBXGroup;
			children = (
				CA5B8FC469521A8ACE2008AD /* Pods-movie.debug.xcconfig */,
				989F90AA3DDB1245E840882A /* Pods-movie.release.xcconfig */,
			);
			name = Pods;
			sourceTree = "<group>";
		};
/* End PBXGroup section */

/* Begin PBXNativeTarget section */
		249F8401226BC7AF00BAAA0B /* movie */ = {
			isa = PBXNativeTarget;
			buildConfigurationList = 249F8417226BC7B200BAAA0B /* Build configuration list for PBXNativeTarget "movie" */;
			buildPhases = (
				EBB401625B89524A2D30187C /* [CP] Check Pods Manifest.lock */,
				249F83FE226BC7AF00BAAA0B /* Sources */,
				249F83FF226BC7AF00BAAA0B /* Frameworks */,
				249F8400226BC7AF00BAAA0B /* Resources */,
				4EBDEB6AC31641DB2E1B5281 /* [CP] Embed Pods Frameworks */,
			);
			buildRules = (
			);
			dependencies = (
			);
			name = movie;
			productName = movie;
			productReference = 249F8402226BC7AF00BAAA0B /* movie.app */;
			productType = "com.apple.product-type.application";
		};
/* End PBXNativeTarget section */

/* Begin PBXProject section */
		249F83FA226BC7AF00BAAA0B /* Project object */ = {
			isa = PBXProject;
			attributes = {
				LastSwiftUpdateCheck = 1020;
				LastUpgradeCheck = 1020;
				ORGANIZATIONNAME = danialepaco;
				TargetAttributes = {
					249F8401226BC7AF00BAAA0B = {
						CreatedOnToolsVersion = 10.2.1;
					};
				};
			};
			buildConfigurationList = 249F83FD226BC7AF00BAAA0B /* Build configuration list for PBXProject "movie" */;
			compatibilityVersion = "Xcode 9.3";
			developmentRegion = en;
			hasScannedForEncodings = 0;
			knownRegions = (
				en,
				Base,
			);
			mainGroup = 249F83F9226BC7AF00BAAA0B;
			productRefGroup = 249F8403226BC7AF00BAAA0B /* Products */;
			projectDirPath = "";
			projectRoot = "";
			targets = (
				249F8401226BC7AF00BAAA0B /* movie */,
			);
		};
/* End PBXProject section */

/* Begin PBXResourcesBuildPhase section */
		249F8400226BC7AF00BAAA0B /* Resources */ = {
			isa = PBXResourcesBuildPhase;
			buildActionMask = 2147483647;
			files = (
				249F8440226BE53000BAAA0B /* Muli-SemiBold.ttf in Resources */,
				249F843F226BE53000BAAA0B /* Muli-ExtraBold.ttf in Resources */,
				249F846A226CEBF200BAAA0B /* SeriesTableVC.xib in Resources */,
				249F8473226D0C2900BAAA0B /* SeriesTableViewCell.xib in Resources */,
				249F8443226BE53000BAAA0B /* Muli-Black.ttf in Resources */,
				249F8446226BE53000BAAA0B /* Muli-ExtraBoldItalic.ttf in Resources */,
				249F8448226BE53000BAAA0B /* Muli-BoldItalic.ttf in Resources */,
				249F8413226BC7B200BAAA0B /* LaunchScreen.storyboard in Resources */,
				249F8442226BE53000BAAA0B /* Muli-ExtraLightItalic.ttf in Resources */,
				249F8410226BC7B200BAAA0B /* Assets.xcassets in Resources */,
				249F8444226BE53000BAAA0B /* Muli-LightItalic.ttf in Resources */,
				249F844C226BE53000BAAA0B /* Muli-BlackItalic.ttf in Resources */,
				249F840B226BC7AF00BAAA0B /* Main.storyboard in Resources */,
				249F8445226BE53000BAAA0B /* Muli-Regular.ttf in Resources */,
				249F8441226BE53000BAAA0B /* Muli-Bold.ttf in Resources */,
				249F844A226BE53000BAAA0B /* Muli-SemiBoldItalic.ttf in Resources */,
				249F844B226BE53000BAAA0B /* Muli-Light.ttf in Resources */,
				249F8449226BE53000BAAA0B /* Muli-ExtraLight.ttf in Resources */,
				249F8447226BE53000BAAA0B /* Muli-Italic.ttf in Resources */,
			);
			runOnlyForDeploymentPostprocessing = 0;
		};
/* End PBXResourcesBuildPhase section */

/* Begin PBXShellScriptBuildPhase section */
		4EBDEB6AC31641DB2E1B5281 /* [CP] Embed Pods Frameworks */ = {
			isa = PBXShellScriptBuildPhase;
			buildActionMask = 2147483647;
			files = (
			);
			inputFileListPaths = (
			);
			inputPaths = (
				"${SRCROOT}/Pods/Target Support Files/Pods-movie/Pods-movie-frameworks.sh",
				"${BUILT_PRODUCTS_DIR}/Alamofire/Alamofire.framework",
				"${BUILT_PRODUCTS_DIR}/Kingfisher/Kingfisher.framework",
			);
			name = "[CP] Embed Pods Frameworks";
			outputFileListPaths = (
			);
			outputPaths = (
				"${TARGET_BUILD_DIR}/${FRAMEWORKS_FOLDER_PATH}/Alamofire.framework",
				"${TARGET_BUILD_DIR}/${FRAMEWORKS_FOLDER_PATH}/Kingfisher.framework",
			);
			runOnlyForDeploymentPostprocessing = 0;
			shellPath = /bin/sh;
			shellScript = "\"${SRCROOT}/Pods/Target Support Files/Pods-movie/Pods-movie-frameworks.sh\"\n";
			showEnvVarsInLog = 0;
		};
		EBB401625B89524A2D30187C /* [CP] Check Pods Manifest.lock */ = {
			isa = PBXShellScriptBuildPhase;
			buildActionMask = 2147483647;
			files = (
			);
			inputFileListPaths = (
			);
			inputPaths = (
				"${PODS_PODFILE_DIR_PATH}/Podfile.lock",
				"${PODS_ROOT}/Manifest.lock",
			);
			name = "[CP] Check Pods Manifest.lock";
			outputFileListPaths = (
			);
			outputPaths = (
				"$(DERIVED_FILE_DIR)/Pods-movie-checkManifestLockResult.txt",
			);
			runOnlyForDeploymentPostprocessing = 0;
			shellPath = /bin/sh;
			shellScript = "diff \"${PODS_PODFILE_DIR_PATH}/Podfile.lock\" \"${PODS_ROOT}/Manifest.lock\" > /dev/null\nif [ $? != 0 ] ; then\n    # print error to STDERR\n    echo \"error: The sandbox is not in sync with the Podfile.lock. Run 'pod install' or update your CocoaPods installation.\" >&2\n    exit 1\nfi\n# This output is used by Xcode 'outputs' to avoid re-running this script phase.\necho \"SUCCESS\" > \"${SCRIPT_OUTPUT_FILE_0}\"\n";
			showEnvVarsInLog = 0;
		};
/* End PBXShellScriptBuildPhase section */

/* Begin PBXSourcesBuildPhase section */
		249F83FE226BC7AF00BAAA0B /* Sources */ = {
			isa = PBXSourcesBuildPhase;
			buildActionMask = 2147483647;
			files = (
				249F845E226CC88F00BAAA0B /* SeriesModel.swift in Sources */,
				249F8406226BC7AF00BAAA0B /* AppDelegate.swift in Sources */,
				249F841D226BE1B600BAAA0B /* Router.swift in Sources */,
				249F840E226BC7AF00BAAA0B /* movie.xcdatamodeld in Sources */,
				249F8460226CD21B00BAAA0B /* ServiceLocator.swift in Sources */,
				249F846D226CF38700BAAA0B /* BaseViewController.swift in Sources */,
				249F8429226BE3C500BAAA0B /* Colors.swift in Sources */,
				249F845C226CC57E00BAAA0B /* NetworkManager.swift in Sources */,
				249F8454226BE6A200BAAA0B /* Images.swift in Sources */,
				249F8477226D268A00BAAA0B /* UIImageView+Extension.swift in Sources */,
				249F8462226CD26400BAAA0B /* SeriesService.swift in Sources */,
				249F8479226D2EFC00BAAA0B /* NavStyle.swift in Sources */,
				249F8469226CEBF200BAAA0B /* SeriesTableVC.swift in Sources */,
				249F8475226D0CFB00BAAA0B /* UITableViewCell+Extension.swift in Sources */,
				249F8427226BE3AB00BAAA0B /* UIAplication+Extension.swift in Sources */,
				249F8422226BE34200BAAA0B /* BaseTabBarViewController.swift in Sources */,
				249F845A226CC4E200BAAA0B /* Service.swift in Sources */,
				249F8464226CD44400BAAA0B /* Series.swift in Sources */,
				249F8472226D0C2900BAAA0B /* SeriesTableViewCell.swift in Sources */,
				249F8466226CE1EE00BAAA0B /* JsonData.swift in Sources */,
				249F842B226BE4E600BAAA0B /* UIFont+Extension.swift in Sources */,
				249F8425226BE39300BAAA0B /* UIColor+Extension.swift in Sources */,
			);
			runOnlyForDeploymentPostprocessing = 0;
		};
/* End PBXSourcesBuildPhase section */

/* Begin PBXVariantGroup section */
		249F8409226BC7AF00BAAA0B /* Main.storyboard */ = {
			isa = PBXVariantGroup;
			children = (
				249F840A226BC7AF00BAAA0B /* Base */,
			);
			name = Main.storyboard;
			sourceTree = "<group>";
		};
		249F8411226BC7B200BAAA0B /* LaunchScreen.storyboard */ = {
			isa = PBXVariantGroup;
			children = (
				249F8412226BC7B200BAAA0B /* Base */,
			);
			name = LaunchScreen.storyboard;
			sourceTree = "<group>";
		};
/* End PBXVariantGroup section */

/* Begin XCBuildConfiguration section */
		249F8415226BC7B200BAAA0B /* Debug */ = {
			isa = XCBuildConfiguration;
			buildSettings = {
				ALWAYS_SEARCH_USER_PATHS = NO;
				CLANG_ANALYZER_NONNULL = YES;
				CLANG_ANALYZER_NUMBER_OBJECT_CONVERSION = YES_AGGRESSIVE;
				CLANG_CXX_LANGUAGE_STANDARD = "gnu++14";
				CLANG_CXX_LIBRARY = "libc++";
				CLANG_ENABLE_MODULES = YES;
				CLANG_ENABLE_OBJC_ARC = YES;
				CLANG_ENABLE_OBJC_WEAK = YES;
				CLANG_WARN_BLOCK_CAPTURE_AUTORELEASING = YES;
				CLANG_WARN_BOOL_CONVERSION = YES;
				CLANG_WARN_COMMA = YES;
				CLANG_WARN_CONSTANT_CONVERSION = YES;
				CLANG_WARN_DEPRECATED_OBJC_IMPLEMENTATIONS = YES;
				CLANG_WARN_DIRECT_OBJC_ISA_USAGE = YES_ERROR;
				CLANG_WARN_DOCUMENTATION_COMMENTS = YES;
				CLANG_WARN_EMPTY_BODY = YES;
				CLANG_WARN_ENUM_CONVERSION = YES;
				CLANG_WARN_INFINITE_RECURSION = YES;
				CLANG_WARN_INT_CONVERSION = YES;
				CLANG_WARN_NON_LITERAL_NULL_CONVERSION = YES;
				CLANG_WARN_OBJC_IMPLICIT_RETAIN_SELF = YES;
				CLANG_WARN_OBJC_LITERAL_CONVERSION = YES;
				CLANG_WARN_OBJC_ROOT_CLASS = YES_ERROR;
				CLANG_WARN_RANGE_LOOP_ANALYSIS = YES;
				CLANG_WARN_STRICT_PROTOTYPES = YES;
				CLANG_WARN_SUSPICIOUS_MOVE = YES;
				CLANG_WARN_UNGUARDED_AVAILABILITY = YES_AGGRESSIVE;
				CLANG_WARN_UNREACHABLE_CODE = YES;
				CLANG_WARN__DUPLICATE_METHOD_MATCH = YES;
				CODE_SIGN_IDENTITY = "iPhone Developer";
				COPY_PHASE_STRIP = NO;
				DEBUG_INFORMATION_FORMAT = dwarf;
				ENABLE_STRICT_OBJC_MSGSEND = YES;
				ENABLE_TESTABILITY = YES;
				GCC_C_LANGUAGE_STANDARD = gnu11;
				GCC_DYNAMIC_NO_PIC = NO;
				GCC_NO_COMMON_BLOCKS = YES;
				GCC_OPTIMIZATION_LEVEL = 0;
				GCC_PREPROCESSOR_DEFINITIONS = (
					"DEBUG=1",
					"$(inherited)",
				);
				GCC_WARN_64_TO_32_BIT_CONVERSION = YES;
				GCC_WARN_ABOUT_RETURN_TYPE = YES_ERROR;
				GCC_WARN_UNDECLARED_SELECTOR = YES;
				GCC_WARN_UNINITIALIZED_AUTOS = YES_AGGRESSIVE;
				GCC_WARN_UNUSED_FUNCTION = YES;
				GCC_WARN_UNUSED_VARIABLE = YES;
				IPHONEOS_DEPLOYMENT_TARGET = 12.2;
				MTL_ENABLE_DEBUG_INFO = INCLUDE_SOURCE;
				MTL_FAST_MATH = YES;
				ONLY_ACTIVE_ARCH = YES;
				SDKROOT = iphoneos;
				SWIFT_ACTIVE_COMPILATION_CONDITIONS = DEBUG;
				SWIFT_OPTIMIZATION_LEVEL = "-Onone";
			};
			name = Debug;
		};
		249F8416226BC7B200BAAA0B /* Release */ = {
			isa = XCBuildConfiguration;
			buildSettings = {
				ALWAYS_SEARCH_USER_PATHS = NO;
				CLANG_ANALYZER_NONNULL = YES;
				CLANG_ANALYZER_NUMBER_OBJECT_CONVERSION = YES_AGGRESSIVE;
				CLANG_CXX_LANGUAGE_STANDARD = "gnu++14";
				CLANG_CXX_LIBRARY = "libc++";
				CLANG_ENABLE_MODULES = YES;
				CLANG_ENABLE_OBJC_ARC = YES;
				CLANG_ENABLE_OBJC_WEAK = YES;
				CLANG_WARN_BLOCK_CAPTURE_AUTORELEASING = YES;
				CLANG_WARN_BOOL_CONVERSION = YES;
				CLANG_WARN_COMMA = YES;
				CLANG_WARN_CONSTANT_CONVERSION = YES;
				CLANG_WARN_DEPRECATED_OBJC_IMPLEMENTATIONS = YES;
				CLANG_WARN_DIRECT_OBJC_ISA_USAGE = YES_ERROR;
				CLANG_WARN_DOCUMENTATION_COMMENTS = YES;
				CLANG_WARN_EMPTY_BODY = YES;
				CLANG_WARN_ENUM_CONVERSION = YES;
				CLANG_WARN_INFINITE_RECURSION = YES;
				CLANG_WARN_INT_CONVERSION = YES;
				CLANG_WARN_NON_LITERAL_NULL_CONVERSION = YES;
				CLANG_WARN_OBJC_IMPLICIT_RETAIN_SELF = YES;
				CLANG_WARN_OBJC_LITERAL_CONVERSION = YES;
				CLANG_WARN_OBJC_ROOT_CLASS = YES_ERROR;
				CLANG_WARN_RANGE_LOOP_ANALYSIS = YES;
				CLANG_WARN_STRICT_PROTOTYPES = YES;
				CLANG_WARN_SUSPICIOUS_MOVE = YES;
				CLANG_WARN_UNGUARDED_AVAILABILITY = YES_AGGRESSIVE;
				CLANG_WARN_UNREACHABLE_CODE = YES;
				CLANG_WARN__DUPLICATE_METHOD_MATCH = YES;
				CODE_SIGN_IDENTITY = "iPhone Developer";
				COPY_PHASE_STRIP = NO;
				DEBUG_INFORMATION_FORMAT = "dwarf-with-dsym";
				ENABLE_NS_ASSERTIONS = NO;
				ENABLE_STRICT_OBJC_MSGSEND = YES;
				GCC_C_LANGUAGE_STANDARD = gnu11;
				GCC_NO_COMMON_BLOCKS = YES;
				GCC_WARN_64_TO_32_BIT_CONVERSION = YES;
				GCC_WARN_ABOUT_RETURN_TYPE = YES_ERROR;
				GCC_WARN_UNDECLARED_SELECTOR = YES;
				GCC_WARN_UNINITIALIZED_AUTOS = YES_AGGRESSIVE;
				GCC_WARN_UNUSED_FUNCTION = YES;
				GCC_WARN_UNUSED_VARIABLE = YES;
				IPHONEOS_DEPLOYMENT_TARGET = 12.2;
				MTL_ENABLE_DEBUG_INFO = NO;
				MTL_FAST_MATH = YES;
				SDKROOT = iphoneos;
				SWIFT_COMPILATION_MODE = wholemodule;
				SWIFT_OPTIMIZATION_LEVEL = "-O";
				VALIDATE_PRODUCT = YES;
			};
			name = Release;
		};
		249F8418226BC7B200BAAA0B /* Debug */ = {
			isa = XCBuildConfiguration;
			baseConfigurationReference = CA5B8FC469521A8ACE2008AD /* Pods-movie.debug.xcconfig */;
			buildSettings = {
				ASSETCATALOG_COMPILER_APPICON_NAME = AppIcon;
				CODE_SIGN_STYLE = Automatic;
				DEVELOPMENT_TEAM = W2U7ETVQ2D;
				INFOPLIST_FILE = movie/Info.plist;
				LD_RUNPATH_SEARCH_PATHS = (
					"$(inherited)",
					"@executable_path/Frameworks",
				);
				PRODUCT_BUNDLE_IDENTIFIER = com.danialepaco.movie;
				PRODUCT_NAME = "$(TARGET_NAME)";
				SWIFT_VERSION = 5.0;
				TARGETED_DEVICE_FAMILY = 1;
			};
			name = Debug;
		};
		249F8419226BC7B200BAAA0B /* Release */ = {
			isa = XCBuildConfiguration;
			baseConfigurationReference = 989F90AA3DDB1245E840882A /* Pods-movie.release.xcconfig */;
			buildSettings = {
				ASSETCATALOG_COMPILER_APPICON_NAME = AppIcon;
				CODE_SIGN_STYLE = Automatic;
				DEVELOPMENT_TEAM = W2U7ETVQ2D;
				INFOPLIST_FILE = movie/Info.plist;
				LD_RUNPATH_SEARCH_PATHS = (
					"$(inherited)",
					"@executable_path/Frameworks",
				);
				PRODUCT_BUNDLE_IDENTIFIER = com.danialepaco.movie;
				PRODUCT_NAME = "$(TARGET_NAME)";
				SWIFT_VERSION = 5.0;
				TARGETED_DEVICE_FAMILY = 1;
			};
			name = Release;
		};
/* End XCBuildConfiguration section */

/* Begin XCConfigurationList section */
		249F83FD226BC7AF00BAAA0B /* Build configuration list for PBXProject "movie" */ = {
			isa = XCConfigurationList;
			buildConfigurations = (
				249F8415226BC7B200BAAA0B /* Debug */,
				249F8416226BC7B200BAAA0B /* Release */,
			);
			defaultConfigurationIsVisible = 0;
			defaultConfigurationName = Release;
		};
		249F8417226BC7B200BAAA0B /* Build configuration list for PBXNativeTarget "movie" */ = {
			isa = XCConfigurationList;
			buildConfigurations = (
				249F8418226BC7B200BAAA0B /* Debug */,
				249F8419226BC7B200BAAA0B /* Release */,
			);
			defaultConfigurationIsVisible = 0;
			defaultConfigurationName = Release;
		};
/* End XCConfigurationList section */

/* Begin XCVersionGroup section */
		249F840C226BC7AF00BAAA0B /* movie.xcdatamodeld */ = {
			isa = XCVersionGroup;
			children = (
				249F840D226BC7AF00BAAA0B /* movie.xcdatamodel */,
			);
			currentVersion = 249F840D226BC7AF00BAAA0B /* movie.xcdatamodel */;
			path = movie.xcdatamodeld;
			sourceTree = "<group>";
			versionGroupType = wrapper.xcdatamodel;
		};
/* End XCVersionGroup section */
	};
	rootObject = 249F83FA226BC7AF00BAAA0B /* Project object */;
}
